
Microsoft Visual Studio Solution File, Format Version 12.00
Project("{FAE04EC0-301F-11D3-BF4B-00C04F79EFBC}") = "PayslipKata001", "PayslipKata001\PayslipKata001.csproj", "{2862D88C-616B-4F68-A497-E98E0071418A}"
EndProject
Project("{FAE04EC0-301F-11D3-BF4B-00C04F79EFBC}") = "PayslipUnitTests", "PayslipUnitTests\PayslipUnitTests.csproj", "{47D6D0FB-8AB3-4709-BBDF-79CBABE734A7}"
EndProject
Global
	GlobalSection(SolutionConfigurationPlatforms) = preSolution
		Debug|Any CPU = Debug|Any CPU
		Release|Any CPU = Release|Any CPU
	EndGlobalSection
	GlobalSection(ProjectConfigurationPlatforms) = postSolution
		{2862D88C-616B-4F68-A497-E98E0071418A}.Debug|Any CPU.ActiveCfg = Debug|Any CPU
		{2862D88C-616B-4F68-A497-E98E0071418A}.Debug|Any CPU.Build.0 = Debug|Any CPU
		{2862D88C-616B-4F68-A497-E98E0071418A}.Release|Any CPU.ActiveCfg = Release|Any CPU
		{2862D88C-616B-4F68-A497-E98E0071418A}.Release|Any CPU.Build.0 = Release|Any CPU
		{47D6D0FB-8AB3-4709-BBDF-79CBABE734A7}.Debug|Any CPU.ActiveCfg = Debug|Any CPU
		{47D6D0FB-8AB3-4709-BBDF-79CBABE734A7}.Debug|Any CPU.Build.0 = Debug|Any CPU
		{47D6D0FB-8AB3-4709-BBDF-79CBABE734A7}.Release|Any CPU.ActiveCfg = Release|Any CPU
		{47D6D0FB-8AB3-4709-BBDF-79CBABE734A7}.Release|Any CPU.Build.0 = Release|Any CPU
	EndGlobalSection
EndGlobal
